
Microsoft Visual Studio Solution File, Format Version 12.00
# Visual Studio Version 16
VisualStudioVersion = 16.0.31410.357
MinimumVisualStudioVersion = 10.0.40219.1
Project("{FAE04EC0-301F-11D3-BF4B-00C04F79EFBC}") = "LR1_zadanie2", "LR1_zadanie2\LR1_zadanie2.csproj", "{47C2E701-D745-4C00-B6CC-554A14CA39F8}"
EndProject
Global
	GlobalSection(SolutionConfigurationPlatforms) = preSolution
		Debug|Any CPU = Debug|Any CPU
		Release|Any CPU = Release|Any CPU
	EndGlobalSection
	GlobalSection(ProjectConfigurationPlatforms) = postSolution
		{47C2E701-D745-4C00-B6CC-554A14CA39F8}.Debug|Any CPU.ActiveCfg = Debug|Any CPU
		{47C2E701-D745-4C00-B6CC-554A14CA39F8}.Debug|Any CPU.Build.0 = Debug|Any CPU
		{47C2E701-D745-4C00-B6CC-554A14CA39F8}.Release|Any CPU.ActiveCfg = Release|Any CPU
		{47C2E701-D745-4C00-B6CC-554A14CA39F8}.Release|Any CPU.Build.0 = Release|Any CPU
	EndGlobalSection
	GlobalSection(SolutionProperties) = preSolution
		HideSolutionNode = FALSE
	EndGlobalSection
	GlobalSection(ExtensibilityGlobals) = postSolution
		SolutionGuid = {E32D4964-6455-4D8F-9573-C3AA4655011A}
	EndGlobalSection
EndGlobal
